
Microsoft Visual Studio Solution File, Format Version 12.00
# Visual Studio Version 17
VisualStudioVersion = 17.10.35122.118
MinimumVisualStudioVersion = 10.0.40219.1
Project("{9A19103F-16F7-4668-BE54-9A1E7A4F7556}") = "Exercicio1", "Exercicio1\Exercicio1.csproj", "{70103CCC-BD8A-497B-98B5-82950F4D700B}"
EndProject
Project("{9A19103F-16F7-4668-BE54-9A1E7A4F7556}") = "Exercicio2", "Exercicio2\Exercicio2.csproj", "{9F6C7DA1-0E8F-4928-9FF0-087CF0D730B4}"
EndProject
Project("{9A19103F-16F7-4668-BE54-9A1E7A4F7556}") = "Exercicio3", "Exercicio3\Exercicio3.csproj", "{55313D70-D028-4381-874B-8BC246239091}"
EndProject
Project("{9A19103F-16F7-4668-BE54-9A1E7A4F7556}") = "Exercicio4", "Exercicio4\Exercicio4.csproj", "{9AD7C23B-5CE8-42B2-BB75-9B1C4F0B566A}"
EndProject
Project("{FAE04EC0-301F-11D3-BF4B-00C04F79EFBC}") = "Exercicio5", "Exercicio53\Exercicio5.csproj", "{56114AC9-B53A-480D-B686-5C02BDE88EC3}"
EndProject
Project("{9A19103F-16F7-4668-BE54-9A1E7A4F7556}") = "Exercicio6", "Exercicio6\Exercicio6.csproj", "{1894F86A-DE53-4CFC-A07C-191DE04F3308}"
EndProject
Project("{9A19103F-16F7-4668-BE54-9A1E7A4F7556}") = "Exercicio9", "Exercicio9\Exercicio9.csproj", "{4765D704-7108-46D8-B489-80409DC05E32}"
EndProject
Project("{9A19103F-16F7-4668-BE54-9A1E7A4F7556}") = "Exercicio10", "Exercicio 10\Exercicio10.csproj", "{06332314-5883-4CBB-B05D-5A12AA6BE205}"
EndProject
Project("{9A19103F-16F7-4668-BE54-9A1E7A4F7556}") = "Exercicio11", "Exercicio11\Exercicio11.csproj", "{08BD559B-9A50-4B2A-810A-923ED864756D}"
EndProject
Project("{9A19103F-16F7-4668-BE54-9A1E7A4F7556}") = "Exercicio12", "Exercicio12\Exercicio12.csproj", "{E4E88FC1-ED07-4DFA-8ADE-E17F9E5D180F}"
EndProject
Project("{9A19103F-16F7-4668-BE54-9A1E7A4F7556}") = "Exercicio13", "Exercicio13\Exercicio13.csproj", "{68399C06-F5EF-4E8E-87D9-5539439BDD6F}"
EndProject
Project("{9A19103F-16F7-4668-BE54-9A1E7A4F7556}") = "Exercicio14", "Exercicio14\Exercicio14.csproj", "{0BE0FDD8-55C3-40EB-BD6B-C596D6950F34}"
EndProject
Project("{9A19103F-16F7-4668-BE54-9A1E7A4F7556}") = "Exercicio15", "Exercicio15\Exercicio15.csproj", "{49FFDE91-571C-44E6-9DAD-79DA6D856E7B}"
EndProject
Project("{9A19103F-16F7-4668-BE54-9A1E7A4F7556}") = "Exercicio16", "Exercicio16\Exercicio16.csproj", "{AA4255B9-A683-40E9-AAB7-92B772F9E95B}"
EndProject
Project("{9A19103F-16F7-4668-BE54-9A1E7A4F7556}") = "Exercicio17", "Exercicio17\Exercicio17.csproj", "{4DF31CAC-DB4A-47AF-AA84-DD4892D9DE85}"
EndProject
Project("{9A19103F-16F7-4668-BE54-9A1E7A4F7556}") = "Exercicio18", "Exercicio18\Exercicio18.csproj", "{6786D049-62FF-43C4-A794-AEF86854A1D0}"
EndProject
Project("{9A19103F-16F7-4668-BE54-9A1E7A4F7556}") = "Exercicio19", "Exercicio19\Exercicio19.csproj", "{607978EE-9499-46AC-9096-A115667CE68A}"
EndProject
Project("{9A19103F-16F7-4668-BE54-9A1E7A4F7556}") = "Exercicio20", "Exercicio20\Exercicio20.csproj", "{24FE1675-8766-433D-AAD9-3164D31F7BBB}"
EndProject
Project("{9A19103F-16F7-4668-BE54-9A1E7A4F7556}") = "Exercicio21", "Exercicio21\Exercicio21.csproj", "{362B8943-DBE1-4F5C-BDA4-DDD8CB710387}"
EndProject
Project("{9A19103F-16F7-4668-BE54-9A1E7A4F7556}") = "Exercicio22", "Exercicio22\Exercicio22.csproj", "{D78AB8CF-739A-476E-9EC3-99CEA9C4A8ED}"
EndProject
Project("{9A19103F-16F7-4668-BE54-9A1E7A4F7556}") = "EXERCICIO23", "EXERCICIO23\EXERCICIO23.csproj", "{ADBA9973-E685-4136-BE68-0340003F8A95}"
EndProject
Project("{9A19103F-16F7-4668-BE54-9A1E7A4F7556}") = "Exercicio24", "Exercicio24\Exercicio24.csproj", "{BAD477C3-27C1-43FA-8A9E-07E8FC9FAA9B}"
EndProject
Project("{9A19103F-16F7-4668-BE54-9A1E7A4F7556}") = "Exercicio25", "Exercicio25\Exercicio25.csproj", "{99EA4722-2C9C-438F-93C8-77BB4A0362A0}"
EndProject
Project("{9A19103F-16F7-4668-BE54-9A1E7A4F7556}") = "Exercicio26", "Exercicio26\Exercicio26.csproj", "{825ADD8B-D527-4F34-AC6F-4CB22FA96582}"
EndProject
Project("{9A19103F-16F7-4668-BE54-9A1E7A4F7556}") = "Exercicio27", "Exercicio27\Exercicio27.csproj", "{DA8C78CE-51F7-4016-B647-35EB3D7B7DC8}"
EndProject
Project("{9A19103F-16F7-4668-BE54-9A1E7A4F7556}") = "Exercicio28", "Exercicio28\Exercicio28.csproj", "{6C2CE201-1543-42CF-952C-7247644975FB}"
EndProject
Project("{9A19103F-16F7-4668-BE54-9A1E7A4F7556}") = "Exercicio29", "Exercicio29\Exercicio29.csproj", "{5A591B7E-5278-44E2-9DD3-8D677A26D3A6}"
EndProject
Project("{9A19103F-16F7-4668-BE54-9A1E7A4F7556}") = "Exercicio30", "Exercicio30\Exercicio30.csproj", "{8F2AD97A-5593-4E91-8B7E-4D367564BEAC}"
EndProject
Project("{9A19103F-16F7-4668-BE54-9A1E7A4F7556}") = "Exercicio37", "Exercicio37\Exercicio37.csproj", "{2F66B7CB-2743-4992-BEE8-BD71FD4EF710}"
EndProject
Project("{9A19103F-16F7-4668-BE54-9A1E7A4F7556}") = "Exercicio38", "Exercicio38\Exercicio38.csproj", "{F96D56BF-4DAB-445E-A13C-521C6FF4C929}"
EndProject
Project("{9A19103F-16F7-4668-BE54-9A1E7A4F7556}") = "Exercicio39", "Exercicio39\Exercicio39.csproj", "{A91E81AB-046B-4A43-9C83-8DEC72FBDD8D}"
EndProject
Project("{9A19103F-16F7-4668-BE54-9A1E7A4F7556}") = "Exercicio40", "Exercicio40\Exercicio40.csproj", "{F4855393-FAD3-4686-A81F-37F13312DB94}"
EndProject
Project("{9A19103F-16F7-4668-BE54-9A1E7A4F7556}") = "Exercicio41", "Exercicio41\Exercicio41.csproj", "{B73876CB-C726-4A4C-8E41-F2221F1D590D}"
EndProject
Project("{9A19103F-16F7-4668-BE54-9A1E7A4F7556}") = "Exercicio42", "Exercicio42\Exercicio42.csproj", "{12A7646F-D40F-47C2-B5A4-CF34E9743147}"
EndProject
Project("{9A19103F-16F7-4668-BE54-9A1E7A4F7556}") = "Exercicio43", "Exercicio43\Exercicio43.csproj", "{33C4FAEA-0932-4001-A3F5-2F0793911B18}"
EndProject
Project("{9A19103F-16F7-4668-BE54-9A1E7A4F7556}") = "Exercicio44", "Exercicio44\Exercicio44.csproj", "{EC125A7F-2EF5-401C-B3F0-10372421D3A0}"
EndProject
Project("{9A19103F-16F7-4668-BE54-9A1E7A4F7556}") = "Exercicio45", "Exercicio45\Exercicio45.csproj", "{B045E025-8849-4AD3-B277-94438D346930}"
EndProject
Project("{9A19103F-16F7-4668-BE54-9A1E7A4F7556}") = "Exercicio46", "Exercicio46\Exercicio46.csproj", "{5BEB7E9C-5886-49C6-9AE0-80DCA8DBA5B1}"
EndProject
Project("{9A19103F-16F7-4668-BE54-9A1E7A4F7556}") = "Exercicio47", "Exercicio47\Exercicio47.csproj", "{2182958D-C72A-4068-80BA-DBBC8F6F434F}"
EndProject
Project("{9A19103F-16F7-4668-BE54-9A1E7A4F7556}") = "Exercicio48", "Exercicio48\Exercicio48.csproj", "{E170A3B6-6956-465F-946A-A931A815BD6A}"
EndProject
Project("{9A19103F-16F7-4668-BE54-9A1E7A4F7556}") = "Exercicio50", "Exercicio50\Exercicio50.csproj", "{9203F5D3-4420-4A5E-B6FE-8BDF43CEEA7D}"
EndProject
Project("{9A19103F-16F7-4668-BE54-9A1E7A4F7556}") = "Exercicio51", "Exercicio51\Exercicio51.csproj", "{7D1F7674-3327-4E87-B4EF-80025340A30E}"
EndProject
Project("{9A19103F-16F7-4668-BE54-9A1E7A4F7556}") = "Exercicio52", "Exercicio52\Exercicio52.csproj", "{8F18BC2F-30A8-4BF5-BD3B-4A9429AAF6E8}"
EndProject
Project("{9A19103F-16F7-4668-BE54-9A1E7A4F7556}") = "Exercicio53", "Exercicio53\Exercicio53.csproj", "{09E10AFC-5B7A-4936-A231-03EF8A7279B1}"
EndProject
Project("{9A19103F-16F7-4668-BE54-9A1E7A4F7556}") = "Exercicio54", "Exercicio54\Exercicio54.csproj", "{80315DDD-2199-4880-8F9A-1771DAE01F69}"
EndProject
Project("{9A19103F-16F7-4668-BE54-9A1E7A4F7556}") = "Exercicio55", "Exercicio55\Exercicio55.csproj", "{D4E42464-19AC-4774-8812-8A1EB9A4F384}"
EndProject
Project("{9A19103F-16F7-4668-BE54-9A1E7A4F7556}") = "Exercicio56", "Exercicio56\Exercicio56.csproj", "{E90D6699-293E-4D78-9463-FFA8E98BEC9C}"
EndProject
Project("{9A19103F-16F7-4668-BE54-9A1E7A4F7556}") = "Exercicio57", "Exercicio57\Exercicio57.csproj", "{685E61DB-955F-49C9-9CB6-810D91EA77D7}"
EndProject
Project("{9A19103F-16F7-4668-BE54-9A1E7A4F7556}") = "Exercicio58", "Exercicio58\Exercicio58.csproj", "{8212B455-762A-4802-810D-20758F0C3B9C}"
EndProject
Project("{9A19103F-16F7-4668-BE54-9A1E7A4F7556}") = "Exercicio59", "Exercicio59\Exercicio59.csproj", "{735E59E7-1A73-405F-9FED-886CD85DD94F}"
EndProject
Project("{9A19103F-16F7-4668-BE54-9A1E7A4F7556}") = "Exercicio60", "Exercicio60\Exercicio60.csproj", "{CFC158AE-0269-44E6-B2C3-82735723BFCB}"
EndProject
Project("{9A19103F-16F7-4668-BE54-9A1E7A4F7556}") = "Exercicio61", "Exercicio61\Exercicio61.csproj", "{3D381E8B-6CDD-4DFF-953E-91768F016881}"
EndProject
Project("{9A19103F-16F7-4668-BE54-9A1E7A4F7556}") = "Exercicio62", "Exercicio62\Exercicio62.csproj", "{A5F7FC4E-E510-42D0-A8D1-3E9E47EDE2AF}"
EndProject
Project("{9A19103F-16F7-4668-BE54-9A1E7A4F7556}") = "Exercicio 63", "Exercicio 63\Exercicio 63.csproj", "{7466C4DF-242C-433C-B6C0-34EF46D035B2}"
EndProject
Project("{9A19103F-16F7-4668-BE54-9A1E7A4F7556}") = "Exercicio64", "Exercicio64\Exercicio64.csproj", "{5D99F5C4-5B9C-49FF-8DD0-EC5D872CAF01}"
EndProject
Project("{FAE04EC0-301F-11D3-BF4B-00C04F79EFBC}") = "Exercicio31", "Exercicio31\Exercicio31.csproj", "{7A8D08E5-8B5D-467D-AE1E-4BF39F6FFEC8}"
EndProject
Project("{FAE04EC0-301F-11D3-BF4B-00C04F79EFBC}") = "Exercicio32", "Exercicio32\Exercicio32.csproj", "{F225F5B1-96A1-4785-AAC6-D45A15016B7F}"
EndProject
Global
	GlobalSection(SolutionConfigurationPlatforms) = preSolution
		Debug|Any CPU = Debug|Any CPU
		Release|Any CPU = Release|Any CPU
	EndGlobalSection
	GlobalSection(ProjectConfigurationPlatforms) = postSolution
		{70103CCC-BD8A-497B-98B5-82950F4D700B}.Debug|Any CPU.ActiveCfg = Debug|Any CPU
		{70103CCC-BD8A-497B-98B5-82950F4D700B}.Debug|Any CPU.Build.0 = Debug|Any CPU
		{70103CCC-BD8A-497B-98B5-82950F4D700B}.Release|Any CPU.ActiveCfg = Release|Any CPU
		{70103CCC-BD8A-497B-98B5-82950F4D700B}.Release|Any CPU.Build.0 = Release|Any CPU
		{9F6C7DA1-0E8F-4928-9FF0-087CF0D730B4}.Debug|Any CPU.ActiveCfg = Debug|Any CPU
		{9F6C7DA1-0E8F-4928-9FF0-087CF0D730B4}.Debug|Any CPU.Build.0 = Debug|Any CPU
		{9F6C7DA1-0E8F-4928-9FF0-087CF0D730B4}.Release|Any CPU.ActiveCfg = Release|Any CPU
		{9F6C7DA1-0E8F-4928-9FF0-087CF0D730B4}.Release|Any CPU.Build.0 = Release|Any CPU
		{55313D70-D028-4381-874B-8BC246239091}.Debug|Any CPU.ActiveCfg = Debug|Any CPU
		{55313D70-D028-4381-874B-8BC246239091}.Debug|Any CPU.Build.0 = Debug|Any CPU
		{55313D70-D028-4381-874B-8BC246239091}.Release|Any CPU.ActiveCfg = Release|Any CPU
		{55313D70-D028-4381-874B-8BC246239091}.Release|Any CPU.Build.0 = Release|Any CPU
		{9AD7C23B-5CE8-42B2-BB75-9B1C4F0B566A}.Debug|Any CPU.ActiveCfg = Debug|Any CPU
		{9AD7C23B-5CE8-42B2-BB75-9B1C4F0B566A}.Debug|Any CPU.Build.0 = Debug|Any CPU
		{9AD7C23B-5CE8-42B2-BB75-9B1C4F0B566A}.Release|Any CPU.ActiveCfg = Release|Any CPU
		{9AD7C23B-5CE8-42B2-BB75-9B1C4F0B566A}.Release|Any CPU.Build.0 = Release|Any CPU
		{56114AC9-B53A-480D-B686-5C02BDE88EC3}.Debug|Any CPU.ActiveCfg = Debug|Any CPU
		{56114AC9-B53A-480D-B686-5C02BDE88EC3}.Debug|Any CPU.Build.0 = Debug|Any CPU
		{56114AC9-B53A-480D-B686-5C02BDE88EC3}.Release|Any CPU.ActiveCfg = Release|Any CPU
		{56114AC9-B53A-480D-B686-5C02BDE88EC3}.Release|Any CPU.Build.0 = Release|Any CPU
		{1894F86A-DE53-4CFC-A07C-191DE04F3308}.Debug|Any CPU.ActiveCfg = Debug|Any CPU
		{1894F86A-DE53-4CFC-A07C-191DE04F3308}.Debug|Any CPU.Build.0 = Debug|Any CPU
		{1894F86A-DE53-4CFC-A07C-191DE04F3308}.Release|Any CPU.ActiveCfg = Release|Any CPU
		{1894F86A-DE53-4CFC-A07C-191DE04F3308}.Release|Any CPU.Build.0 = Release|Any CPU
		{4765D704-7108-46D8-B489-80409DC05E32}.Debug|Any CPU.ActiveCfg = Debug|Any CPU
		{4765D704-7108-46D8-B489-80409DC05E32}.Debug|Any CPU.Build.0 = Debug|Any CPU
		{4765D704-7108-46D8-B489-80409DC05E32}.Release|Any CPU.ActiveCfg = Release|Any CPU
		{4765D704-7108-46D8-B489-80409DC05E32}.Release|Any CPU.Build.0 = Release|Any CPU
		{06332314-5883-4CBB-B05D-5A12AA6BE205}.Debug|Any CPU.ActiveCfg = Debug|Any CPU
		{06332314-5883-4CBB-B05D-5A12AA6BE205}.Debug|Any CPU.Build.0 = Debug|Any CPU
		{06332314-5883-4CBB-B05D-5A12AA6BE205}.Release|Any CPU.ActiveCfg = Release|Any CPU
		{06332314-5883-4CBB-B05D-5A12AA6BE205}.Release|Any CPU.Build.0 = Release|Any CPU
		{08BD559B-9A50-4B2A-810A-923ED864756D}.Debug|Any CPU.ActiveCfg = Debug|Any CPU
		{08BD559B-9A50-4B2A-810A-923ED864756D}.Debug|Any CPU.Build.0 = Debug|Any CPU
		{08BD559B-9A50-4B2A-810A-923ED864756D}.Release|Any CPU.ActiveCfg = Release|Any CPU
		{08BD559B-9A50-4B2A-810A-923ED864756D}.Release|Any CPU.Build.0 = Release|Any CPU
		{E4E88FC1-ED07-4DFA-8ADE-E17F9E5D180F}.Debug|Any CPU.ActiveCfg = Debug|Any CPU
		{E4E88FC1-ED07-4DFA-8ADE-E17F9E5D180F}.Debug|Any CPU.Build.0 = Debug|Any CPU
		{E4E88FC1-ED07-4DFA-8ADE-E17F9E5D180F}.Release|Any CPU.ActiveCfg = Release|Any CPU
		{E4E88FC1-ED07-4DFA-8ADE-E17F9E5D180F}.Release|Any CPU.Build.0 = Release|Any CPU
		{68399C06-F5EF-4E8E-87D9-5539439BDD6F}.Debug|Any CPU.ActiveCfg = Debug|Any CPU
		{68399C06-F5EF-4E8E-87D9-5539439BDD6F}.Debug|Any CPU.Build.0 = Debug|Any CPU
		{68399C06-F5EF-4E8E-87D9-5539439BDD6F}.Release|Any CPU.ActiveCfg = Release|Any CPU
		{68399C06-F5EF-4E8E-87D9-5539439BDD6F}.Release|Any CPU.Build.0 = Release|Any CPU
		{0BE0FDD8-55C3-40EB-BD6B-C596D6950F34}.Debug|Any CPU.ActiveCfg = Debug|Any CPU
		{0BE0FDD8-55C3-40EB-BD6B-C596D6950F34}.Debug|Any CPU.Build.0 = Debug|Any CPU
		{0BE0FDD8-55C3-40EB-BD6B-C596D6950F34}.Release|Any CPU.ActiveCfg = Release|Any CPU
		{0BE0FDD8-55C3-40EB-BD6B-C596D6950F34}.Release|Any CPU.Build.0 = Release|Any CPU
		{49FFDE91-571C-44E6-9DAD-79DA6D856E7B}.Debug|Any CPU.ActiveCfg = Debug|Any CPU
		{49FFDE91-571C-44E6-9DAD-79DA6D856E7B}.Debug|Any CPU.Build.0 = Debug|Any CPU
		{49FFDE91-571C-44E6-9DAD-79DA6D856E7B}.Release|Any CPU.ActiveCfg = Release|Any CPU
		{49FFDE91-571C-44E6-9DAD-79DA6D856E7B}.Release|Any CPU.Build.0 = Release|Any CPU
		{AA4255B9-A683-40E9-AAB7-92B772F9E95B}.Debug|Any CPU.ActiveCfg = Debug|Any CPU
		{AA4255B9-A683-40E9-AAB7-92B772F9E95B}.Debug|Any CPU.Build.0 = Debug|Any CPU
		{AA4255B9-A683-40E9-AAB7-92B772F9E95B}.Release|Any CPU.ActiveCfg = Release|Any CPU
		{AA4255B9-A683-40E9-AAB7-92B772F9E95B}.Release|Any CPU.Build.0 = Release|Any CPU
		{4DF31CAC-DB4A-47AF-AA84-DD4892D9DE85}.Debug|Any CPU.ActiveCfg = Debug|Any CPU
		{4DF31CAC-DB4A-47AF-AA84-DD4892D9DE85}.Debug|Any CPU.Build.0 = Debug|Any CPU
		{4DF31CAC-DB4A-47AF-AA84-DD4892D9DE85}.Release|Any CPU.ActiveCfg = Release|Any CPU
		{4DF31CAC-DB4A-47AF-AA84-DD4892D9DE85}.Release|Any CPU.Build.0 = Release|Any CPU
		{6786D049-62FF-43C4-A794-AEF86854A1D0}.Debug|Any CPU.ActiveCfg = Debug|Any CPU
		{6786D049-62FF-43C4-A794-AEF86854A1D0}.Debug|Any CPU.Build.0 = Debug|Any CPU
		{6786D049-62FF-43C4-A794-AEF86854A1D0}.Release|Any CPU.ActiveCfg = Release|Any CPU
		{6786D049-62FF-43C4-A794-AEF86854A1D0}.Release|Any CPU.Build.0 = Release|Any CPU
		{607978EE-9499-46AC-9096-A115667CE68A}.Debug|Any CPU.ActiveCfg = Debug|Any CPU
		{607978EE-9499-46AC-9096-A115667CE68A}.Debug|Any CPU.Build.0 = Debug|Any CPU
		{607978EE-9499-46AC-9096-A115667CE68A}.Release|Any CPU.ActiveCfg = Release|Any CPU
		{607978EE-9499-46AC-9096-A115667CE68A}.Release|Any CPU.Build.0 = Release|Any CPU
		{24FE1675-8766-433D-AAD9-3164D31F7BBB}.Debug|Any CPU.ActiveCfg = Debug|Any CPU
		{24FE1675-8766-433D-AAD9-3164D31F7BBB}.Debug|Any CPU.Build.0 = Debug|Any CPU
		{24FE1675-8766-433D-AAD9-3164D31F7BBB}.Release|Any CPU.ActiveCfg = Release|Any CPU
		{24FE1675-8766-433D-AAD9-3164D31F7BBB}.Release|Any CPU.Build.0 = Release|Any CPU
		{362B8943-DBE1-4F5C-BDA4-DDD8CB710387}.Debug|Any CPU.ActiveCfg = Debug|Any CPU
		{362B8943-DBE1-4F5C-BDA4-DDD8CB710387}.Debug|Any CPU.Build.0 = Debug|Any CPU
		{362B8943-DBE1-4F5C-BDA4-DDD8CB710387}.Release|Any CPU.ActiveCfg = Release|Any CPU
		{362B8943-DBE1-4F5C-BDA4-DDD8CB710387}.Release|Any CPU.Build.0 = Release|Any CPU
		{D78AB8CF-739A-476E-9EC3-99CEA9C4A8ED}.Debug|Any CPU.ActiveCfg = Debug|Any CPU
		{D78AB8CF-739A-476E-9EC3-99CEA9C4A8ED}.Debug|Any CPU.Build.0 = Debug|Any CPU
		{D78AB8CF-739A-476E-9EC3-99CEA9C4A8ED}.Release|Any CPU.ActiveCfg = Release|Any CPU
		{D78AB8CF-739A-476E-9EC3-99CEA9C4A8ED}.Release|Any CPU.Build.0 = Release|Any CPU
		{ADBA9973-E685-4136-BE68-0340003F8A95}.Debug|Any CPU.ActiveCfg = Debug|Any CPU
		{ADBA9973-E685-4136-BE68-0340003F8A95}.Debug|Any CPU.Build.0 = Debug|Any CPU
		{ADBA9973-E685-4136-BE68-0340003F8A95}.Release|Any CPU.ActiveCfg = Release|Any CPU
		{ADBA9973-E685-4136-BE68-0340003F8A95}.Release|Any CPU.Build.0 = Release|Any CPU
		{BAD477C3-27C1-43FA-8A9E-07E8FC9FAA9B}.Debug|Any CPU.ActiveCfg = Debug|Any CPU
		{BAD477C3-27C1-43FA-8A9E-07E8FC9FAA9B}.Debug|Any CPU.Build.0 = Debug|Any CPU
		{BAD477C3-27C1-43FA-8A9E-07E8FC9FAA9B}.Release|Any CPU.ActiveCfg = Release|Any CPU
		{BAD477C3-27C1-43FA-8A9E-07E8FC9FAA9B}.Release|Any CPU.Build.0 = Release|Any CPU
		{99EA4722-2C9C-438F-93C8-77BB4A0362A0}.Debug|Any CPU.ActiveCfg = Debug|Any CPU
		{99EA4722-2C9C-438F-93C8-77BB4A0362A0}.Debug|Any CPU.Build.0 = Debug|Any CPU
		{99EA4722-2C9C-438F-93C8-77BB4A0362A0}.Release|Any CPU.ActiveCfg = Release|Any CPU
		{99EA4722-2C9C-438F-93C8-77BB4A0362A0}.Release|Any CPU.Build.0 = Release|Any CPU
		{825ADD8B-D527-4F34-AC6F-4CB22FA96582}.Debug|Any CPU.ActiveCfg = Debug|Any CPU
		{825ADD8B-D527-4F34-AC6F-4CB22FA96582}.Debug|Any CPU.Build.0 = Debug|Any CPU
		{825ADD8B-D527-4F34-AC6F-4CB22FA96582}.Release|Any CPU.ActiveCfg = Release|Any CPU
		{825ADD8B-D527-4F34-AC6F-4CB22FA96582}.Release|Any CPU.Build.0 = Release|Any CPU
		{DA8C78CE-51F7-4016-B647-35EB3D7B7DC8}.Debug|Any CPU.ActiveCfg = Debug|Any CPU
		{DA8C78CE-51F7-4016-B647-35EB3D7B7DC8}.Debug|Any CPU.Build.0 = Debug|Any CPU
		{DA8C78CE-51F7-4016-B647-35EB3D7B7DC8}.Release|Any CPU.ActiveCfg = Release|Any CPU
		{DA8C78CE-51F7-4016-B647-35EB3D7B7DC8}.Release|Any CPU.Build.0 = Release|Any CPU
		{6C2CE201-1543-42CF-952C-7247644975FB}.Debug|Any CPU.ActiveCfg = Debug|Any CPU
		{6C2CE201-1543-42CF-952C-7247644975FB}.Debug|Any CPU.Build.0 = Debug|Any CPU
		{6C2CE201-1543-42CF-952C-7247644975FB}.Release|Any CPU.ActiveCfg = Release|Any CPU
		{6C2CE201-1543-42CF-952C-7247644975FB}.Release|Any CPU.Build.0 = Release|Any CPU
		{5A591B7E-5278-44E2-9DD3-8D677A26D3A6}.Debug|Any CPU.ActiveCfg = Debug|Any CPU
		{5A591B7E-5278-44E2-9DD3-8D677A26D3A6}.Debug|Any CPU.Build.0 = Debug|Any CPU
		{5A591B7E-5278-44E2-9DD3-8D677A26D3A6}.Release|Any CPU.ActiveCfg = Release|Any CPU
		{5A591B7E-5278-44E2-9DD3-8D677A26D3A6}.Release|Any CPU.Build.0 = Release|Any CPU
		{8F2AD97A-5593-4E91-8B7E-4D367564BEAC}.Debug|Any CPU.ActiveCfg = Debug|Any CPU
		{8F2AD97A-5593-4E91-8B7E-4D367564BEAC}.Debug|Any CPU.Build.0 = Debug|Any CPU
		{8F2AD97A-5593-4E91-8B7E-4D367564BEAC}.Release|Any CPU.ActiveCfg = Release|Any CPU
		{8F2AD97A-5593-4E91-8B7E-4D367564BEAC}.Release|Any CPU.Build.0 = Release|Any CPU
		{2F66B7CB-2743-4992-BEE8-BD71FD4EF710}.Debug|Any CPU.ActiveCfg = Debug|Any CPU
		{2F66B7CB-2743-4992-BEE8-BD71FD4EF710}.Debug|Any CPU.Build.0 = Debug|Any CPU
		{2F66B7CB-2743-4992-BEE8-BD71FD4EF710}.Release|Any CPU.ActiveCfg = Release|Any CPU
		{2F66B7CB-2743-4992-BEE8-BD71FD4EF710}.Release|Any CPU.Build.0 = Release|Any CPU
		{F96D56BF-4DAB-445E-A13C-521C6FF4C929}.Debug|Any CPU.ActiveCfg = Debug|Any CPU
		{F96D56BF-4DAB-445E-A13C-521C6FF4C929}.Debug|Any CPU.Build.0 = Debug|Any CPU
		{F96D56BF-4DAB-445E-A13C-521C6FF4C929}.Release|Any CPU.ActiveCfg = Release|Any CPU
		{F96D56BF-4DAB-445E-A13C-521C6FF4C929}.Release|Any CPU.Build.0 = Release|Any CPU
		{A91E81AB-046B-4A43-9C83-8DEC72FBDD8D}.Debug|Any CPU.ActiveCfg = Debug|Any CPU
		{A91E81AB-046B-4A43-9C83-8DEC72FBDD8D}.Debug|Any CPU.Build.0 = Debug|Any CPU
		{A91E81AB-046B-4A43-9C83-8DEC72FBDD8D}.Release|Any CPU.ActiveCfg = Release|Any CPU
		{A91E81AB-046B-4A43-9C83-8DEC72FBDD8D}.Release|Any CPU.Build.0 = Release|Any CPU
		{F4855393-FAD3-4686-A81F-37F13312DB94}.Debug|Any CPU.ActiveCfg = Debug|Any CPU
		{F4855393-FAD3-4686-A81F-37F13312DB94}.Debug|Any CPU.Build.0 = Debug|Any CPU
		{F4855393-FAD3-4686-A81F-37F13312DB94}.Release|Any CPU.ActiveCfg = Release|Any CPU
		{F4855393-FAD3-4686-A81F-37F13312DB94}.Release|Any CPU.Build.0 = Release|Any CPU
		{B73876CB-C726-4A4C-8E41-F2221F1D590D}.Debug|Any CPU.ActiveCfg = Debug|Any CPU
		{B73876CB-C726-4A4C-8E41-F2221F1D590D}.Debug|Any CPU.Build.0 = Debug|Any CPU
		{B73876CB-C726-4A4C-8E41-F2221F1D590D}.Release|Any CPU.ActiveCfg = Release|Any CPU
		{B73876CB-C726-4A4C-8E41-F2221F1D590D}.Release|Any CPU.Build.0 = Release|Any CPU
		{12A7646F-D40F-47C2-B5A4-CF34E9743147}.Debug|Any CPU.ActiveCfg = Debug|Any CPU
		{12A7646F-D40F-47C2-B5A4-CF34E9743147}.Debug|Any CPU.Build.0 = Debug|Any CPU
		{12A7646F-D40F-47C2-B5A4-CF34E9743147}.Release|Any CPU.ActiveCfg = Release|Any CPU
		{12A7646F-D40F-47C2-B5A4-CF34E9743147}.Release|Any CPU.Build.0 = Release|Any CPU
		{33C4FAEA-0932-4001-A3F5-2F0793911B18}.Debug|Any CPU.ActiveCfg = Debug|Any CPU
		{33C4FAEA-0932-4001-A3F5-2F0793911B18}.Debug|Any CPU.Build.0 = Debug|Any CPU
		{33C4FAEA-0932-4001-A3F5-2F0793911B18}.Release|Any CPU.ActiveCfg = Release|Any CPU
		{33C4FAEA-0932-4001-A3F5-2F0793911B18}.Release|Any CPU.Build.0 = Release|Any CPU
		{EC125A7F-2EF5-401C-B3F0-10372421D3A0}.Debug|Any CPU.ActiveCfg = Debug|Any CPU
		{EC125A7F-2EF5-401C-B3F0-10372421D3A0}.Debug|Any CPU.Build.0 = Debug|Any CPU
		{EC125A7F-2EF5-401C-B3F0-10372421D3A0}.Release|Any CPU.ActiveCfg = Release|Any CPU
		{EC125A7F-2EF5-401C-B3F0-10372421D3A0}.Release|Any CPU.Build.0 = Release|Any CPU
		{B045E025-8849-4AD3-B277-94438D346930}.Debug|Any CPU.ActiveCfg = Debug|Any CPU
		{B045E025-8849-4AD3-B277-94438D346930}.Debug|Any CPU.Build.0 = Debug|Any CPU
		{B045E025-8849-4AD3-B277-94438D346930}.Release|Any CPU.ActiveCfg = Release|Any CPU
		{B045E025-8849-4AD3-B277-94438D346930}.Release|Any CPU.Build.0 = Release|Any CPU
		{5BEB7E9C-5886-49C6-9AE0-80DCA8DBA5B1}.Debug|Any CPU.ActiveCfg = Debug|Any CPU
		{5BEB7E9C-5886-49C6-9AE0-80DCA8DBA5B1}.Debug|Any CPU.Build.0 = Debug|Any CPU
		{5BEB7E9C-5886-49C6-9AE0-80DCA8DBA5B1}.Release|Any CPU.ActiveCfg = Release|Any CPU
		{5BEB7E9C-5886-49C6-9AE0-80DCA8DBA5B1}.Release|Any CPU.Build.0 = Release|Any CPU
		{2182958D-C72A-4068-80BA-DBBC8F6F434F}.Debug|Any CPU.ActiveCfg = Debug|Any CPU
		{2182958D-C72A-4068-80BA-DBBC8F6F434F}.Debug|Any CPU.Build.0 = Debug|Any CPU
		{2182958D-C72A-4068-80BA-DBBC8F6F434F}.Release|Any CPU.ActiveCfg = Release|Any CPU
		{2182958D-C72A-4068-80BA-DBBC8F6F434F}.Release|Any CPU.Build.0 = Release|Any CPU
		{E170A3B6-6956-465F-946A-A931A815BD6A}.Debug|Any CPU.ActiveCfg = Debug|Any CPU
		{E170A3B6-6956-465F-946A-A931A815BD6A}.Debug|Any CPU.Build.0 = Debug|Any CPU
		{E170A3B6-6956-465F-946A-A931A815BD6A}.Release|Any CPU.ActiveCfg = Release|Any CPU
		{E170A3B6-6956-465F-946A-A931A815BD6A}.Release|Any CPU.Build.0 = Release|Any CPU
		{9203F5D3-4420-4A5E-B6FE-8BDF43CEEA7D}.Debug|Any CPU.ActiveCfg = Debug|Any CPU
		{9203F5D3-4420-4A5E-B6FE-8BDF43CEEA7D}.Debug|Any CPU.Build.0 = Debug|Any CPU
		{9203F5D3-4420-4A5E-B6FE-8BDF43CEEA7D}.Release|Any CPU.ActiveCfg = Release|Any CPU
		{9203F5D3-4420-4A5E-B6FE-8BDF43CEEA7D}.Release|Any CPU.Build.0 = Release|Any CPU
		{7D1F7674-3327-4E87-B4EF-80025340A30E}.Debug|Any CPU.ActiveCfg = Debug|Any CPU
		{7D1F7674-3327-4E87-B4EF-80025340A30E}.Debug|Any CPU.Build.0 = Debug|Any CPU
		{7D1F7674-3327-4E87-B4EF-80025340A30E}.Release|Any CPU.ActiveCfg = Release|Any CPU
		{7D1F7674-3327-4E87-B4EF-80025340A30E}.Release|Any CPU.Build.0 = Release|Any CPU
		{8F18BC2F-30A8-4BF5-BD3B-4A9429AAF6E8}.Debug|Any CPU.ActiveCfg = Debug|Any CPU
		{8F18BC2F-30A8-4BF5-BD3B-4A9429AAF6E8}.Debug|Any CPU.Build.0 = Debug|Any CPU
		{8F18BC2F-30A8-4BF5-BD3B-4A9429AAF6E8}.Release|Any CPU.ActiveCfg = Release|Any CPU
		{8F18BC2F-30A8-4BF5-BD3B-4A9429AAF6E8}.Release|Any CPU.Build.0 = Release|Any CPU
		{09E10AFC-5B7A-4936-A231-03EF8A7279B1}.Debug|Any CPU.ActiveCfg = Debug|Any CPU
		{09E10AFC-5B7A-4936-A231-03EF8A7279B1}.Debug|Any CPU.Build.0 = Debug|Any CPU
		{09E10AFC-5B7A-4936-A231-03EF8A7279B1}.Release|Any CPU.ActiveCfg = Release|Any CPU
		{09E10AFC-5B7A-4936-A231-03EF8A7279B1}.Release|Any CPU.Build.0 = Release|Any CPU
		{80315DDD-2199-4880-8F9A-1771DAE01F69}.Debug|Any CPU.ActiveCfg = Debug|Any CPU
		{80315DDD-2199-4880-8F9A-1771DAE01F69}.Debug|Any CPU.Build.0 = Debug|Any CPU
		{80315DDD-2199-4880-8F9A-1771DAE01F69}.Release|Any CPU.ActiveCfg = Release|Any CPU
		{80315DDD-2199-4880-8F9A-1771DAE01F69}.Release|Any CPU.Build.0 = Release|Any CPU
		{D4E42464-19AC-4774-8812-8A1EB9A4F384}.Debug|Any CPU.ActiveCfg = Debug|Any CPU
		{D4E42464-19AC-4774-8812-8A1EB9A4F384}.Debug|Any CPU.Build.0 = Debug|Any CPU
		{D4E42464-19AC-4774-8812-8A1EB9A4F384}.Release|Any CPU.ActiveCfg = Release|Any CPU
		{D4E42464-19AC-4774-8812-8A1EB9A4F384}.Release|Any CPU.Build.0 = Release|Any CPU
		{E90D6699-293E-4D78-9463-FFA8E98BEC9C}.Debug|Any CPU.ActiveCfg = Debug|Any CPU
		{E90D6699-293E-4D78-9463-FFA8E98BEC9C}.Debug|Any CPU.Build.0 = Debug|Any CPU
		{E90D6699-293E-4D78-9463-FFA8E98BEC9C}.Release|Any CPU.ActiveCfg = Release|Any CPU
		{E90D6699-293E-4D78-9463-FFA8E98BEC9C}.Release|Any CPU.Build.0 = Release|Any CPU
		{685E61DB-955F-49C9-9CB6-810D91EA77D7}.Debug|Any CPU.ActiveCfg = Debug|Any CPU
		{685E61DB-955F-49C9-9CB6-810D91EA77D7}.Debug|Any CPU.Build.0 = Debug|Any CPU
		{685E61DB-955F-49C9-9CB6-810D91EA77D7}.Release|Any CPU.ActiveCfg = Release|Any CPU
		{685E61DB-955F-49C9-9CB6-810D91EA77D7}.Release|Any CPU.Build.0 = Release|Any CPU
		{8212B455-762A-4802-810D-20758F0C3B9C}.Debug|Any CPU.ActiveCfg = Debug|Any CPU
		{8212B455-762A-4802-810D-20758F0C3B9C}.Debug|Any CPU.Build.0 = Debug|Any CPU
		{8212B455-762A-4802-810D-20758F0C3B9C}.Release|Any CPU.ActiveCfg = Release|Any CPU
		{8212B455-762A-4802-810D-20758F0C3B9C}.Release|Any CPU.Build.0 = Release|Any CPU
		{735E59E7-1A73-405F-9FED-886CD85DD94F}.Debug|Any CPU.ActiveCfg = Debug|Any CPU
		{735E59E7-1A73-405F-9FED-886CD85DD94F}.Debug|Any CPU.Build.0 = Debug|Any CPU
		{735E59E7-1A73-405F-9FED-886CD85DD94F}.Release|Any CPU.ActiveCfg = Release|Any CPU
		{735E59E7-1A73-405F-9FED-886CD85DD94F}.Release|Any CPU.Build.0 = Release|Any CPU
		{CFC158AE-0269-44E6-B2C3-82735723BFCB}.Debug|Any CPU.ActiveCfg = Debug|Any CPU
		{CFC158AE-0269-44E6-B2C3-82735723BFCB}.Debug|Any CPU.Build.0 = Debug|Any CPU
		{CFC158AE-0269-44E6-B2C3-82735723BFCB}.Release|Any CPU.ActiveCfg = Release|Any CPU
		{CFC158AE-0269-44E6-B2C3-82735723BFCB}.Release|Any CPU.Build.0 = Release|Any CPU
		{3D381E8B-6CDD-4DFF-953E-91768F016881}.Debug|Any CPU.ActiveCfg = Debug|Any CPU
		{3D381E8B-6CDD-4DFF-953E-91768F016881}.Debug|Any CPU.Build.0 = Debug|Any CPU
		{3D381E8B-6CDD-4DFF-953E-91768F016881}.Release|Any CPU.ActiveCfg = Release|Any CPU
		{3D381E8B-6CDD-4DFF-953E-91768F016881}.Release|Any CPU.Build.0 = Release|Any CPU
		{A5F7FC4E-E510-42D0-A8D1-3E9E47EDE2AF}.Debug|Any CPU.ActiveCfg = Debug|Any CPU
		{A5F7FC4E-E510-42D0-A8D1-3E9E47EDE2AF}.Debug|Any CPU.Build.0 = Debug|Any CPU
		{A5F7FC4E-E510-42D0-A8D1-3E9E47EDE2AF}.Release|Any CPU.ActiveCfg = Release|Any CPU
		{A5F7FC4E-E510-42D0-A8D1-3E9E47EDE2AF}.Release|Any CPU.Build.0 = Release|Any CPU
		{7466C4DF-242C-433C-B6C0-34EF46D035B2}.Debug|Any CPU.ActiveCfg = Debug|Any CPU
		{7466C4DF-242C-433C-B6C0-34EF46D035B2}.Debug|Any CPU.Build.0 = Debug|Any CPU
		{7466C4DF-242C-433C-B6C0-34EF46D035B2}.Release|Any CPU.ActiveCfg = Release|Any CPU
		{7466C4DF-242C-433C-B6C0-34EF46D035B2}.Release|Any CPU.Build.0 = Release|Any CPU
		{5D99F5C4-5B9C-49FF-8DD0-EC5D872CAF01}.Debug|Any CPU.ActiveCfg = Debug|Any CPU
		{5D99F5C4-5B9C-49FF-8DD0-EC5D872CAF01}.Debug|Any CPU.Build.0 = Debug|Any CPU
		{5D99F5C4-5B9C-49FF-8DD0-EC5D872CAF01}.Release|Any CPU.ActiveCfg = Release|Any CPU
		{5D99F5C4-5B9C-49FF-8DD0-EC5D872CAF01}.Release|Any CPU.Build.0 = Release|Any CPU
		{7A8D08E5-8B5D-467D-AE1E-4BF39F6FFEC8}.Debug|Any CPU.ActiveCfg = Debug|Any CPU
		{7A8D08E5-8B5D-467D-AE1E-4BF39F6FFEC8}.Debug|Any CPU.Build.0 = Debug|Any CPU
		{7A8D08E5-8B5D-467D-AE1E-4BF39F6FFEC8}.Release|Any CPU.ActiveCfg = Release|Any CPU
		{7A8D08E5-8B5D-467D-AE1E-4BF39F6FFEC8}.Release|Any CPU.Build.0 = Release|Any CPU
		{F225F5B1-96A1-4785-AAC6-D45A15016B7F}.Debug|Any CPU.ActiveCfg = Debug|Any CPU
		{F225F5B1-96A1-4785-AAC6-D45A15016B7F}.Debug|Any CPU.Build.0 = Debug|Any CPU
		{F225F5B1-96A1-4785-AAC6-D45A15016B7F}.Release|Any CPU.ActiveCfg = Release|Any CPU
		{F225F5B1-96A1-4785-AAC6-D45A15016B7F}.Release|Any CPU.Build.0 = Release|Any CPU
	EndGlobalSection
	GlobalSection(SolutionProperties) = preSolution
		HideSolutionNode = FALSE
	EndGlobalSection
	GlobalSection(ExtensibilityGlobals) = postSolution
		SolutionGuid = {691DE91A-C6C8-485E-87BA-24B20643A22C}
	EndGlobalSection
EndGlobal
